{
  "name": "archon",
  "version": "1.2.0",
  "lockfileVersion": 3,
  "requires": true,
  "packages": {
    "": {
      "name": "archon",
      "version": "1.2.0",
      "license": "MIT",
      "dependencies": {
        "@anthropic-ai/claude-agent-sdk": "0.3.227",
        "acorn": "^8.16.0"
      },
      "engines": {
        "node": ">=18"
      },
      "optionalDependencies": {
        "playwright": "^1.59.1"
      }
    },
    "node_modules/@anthropic-ai/claude-agent-sdk": {
      "version": "0.3.227",
      "resolved": "https://registry.npmjs.org/@anthropic-ai/claude-agent-sdk/-/claude-agent-sdk-0.3.227.tgz",
      "integrity": "sha512-jNw9vBjaqHwuLy93d02PSBmounWjzEyO2RKA7/PR+5ooewIH7ceYo40yxaW2rJnGvXvjpLiuk7ZXM6/TFHQ+qQ==",
      "license": "SEE LICENSE IN README.md",
      "engines": {
        "node": ">=18.0.0"
      },
      "optionalDependencies": {
        "@anthropic-ai/claude-agent-sdk-darwin-arm64": "0.3.227",
        "@anthropic-ai/claude-agent-sdk-darwin-x64": "0.3.227",
        "@anthropic-ai/claude-agent-sdk-linux-arm64": "0.3.227",
        "@anthropic-ai/claude-agent-sdk-linux-arm64-musl": "0.3.227",
        "@anthropic-ai/claude-agent-sdk-linux-x64": "0.3.227",
        "@anthropic-ai/claude-agent-sdk-linux-x64-musl": "0.3.227",
        "@anthropic-ai/claude-agent-sdk-win32-arm64": "0.3.227",
        "@anthropic-ai/claude-agent-sdk-win32-x64": "0.3.227"
      },
      "peerDependencies": {
        "@anthropic-ai/sdk": ">=0.93.0",
        "@modelcontextprotocol/sdk": "^1.29.0",
        "zod": "^4.0.0"
      }
    },
    "node_modules/@anthropic-ai/claude-agent-sdk-darwin-arm64": {
      "version": "0.3.227",
      "resolved": "https://registry.npmjs.org/@anthropic-ai/claude-agent-sdk-darwin-arm64/-/claude-agent-sdk-darwin-arm64-0.3.227.tgz",
      "integrity": "sha512-9iL2Q5QSLAVRgAZnXeSag6g2k9e7ZOHktYxL5LzTg05lbcYCeop4eVs7R8+qsJRIHtbGthA919hrnzkq1Ij9GQ==",
      "cpu": [
        "arm64"
      ],
      "license": "SEE LICENSE IN LICENSE.md",
      "optional": true,
      "os": [
        "darwin"
      ]
    },
    "node_modules/@anthropic-ai/claude-agent-sdk-darwin-x64": {
      "version": "0.3.227",
      "resolved": "https://registry.npmjs.org/@anthropic-ai/claude-agent-sdk-darwin-x64/-/claude-agent-sdk-darwin-x64-0.3.227.tgz",
      "integrity": "sha512-GDdYKtv3wC0kLGS5wrxUf5Oq2hkKW0Nw/CyqcxHEnmeuc8istbQM6dveTK66ufPyI5Q7FiHxmo/kL7YLlFdvtw==",
      "cpu": [
        "x64"
      ],
      "license": "SEE LICENSE IN LICENSE.md",
      "optional": true,
      "os": [
        "darwin"
      ]
    },
    "node_modules/@anthropic-ai/claude-agent-sdk-linux-arm64": {
      "version": "0.3.227",
      "resolved": "https://registry.npmjs.org/@anthropic-ai/claude-agent-sdk-linux-arm64/-/claude-agent-sdk-linux-arm64-0.3.227.tgz",
      "integrity": "sha512-/Ve9ZVcULeYP6kxaEBFEwCDPAJRl/9O38PgXcOSCYIott6H3IA+4nb51Ee0ljITeA52IPyEo7stbduIjiPsp+g==",
      "cpu": [
        "arm64"
      ],
      "libc": [
        "glibc"
      ],
      "license": "SEE LICENSE IN LICENSE.md",
      "optional": true,
      "os": [
        "linux"
      ]
    },
    "node_modules/@anthropic-ai/claude-agent-sdk-linux-arm64-musl": {
      "version": "0.3.227",
      "resolved": "https://registry.npmjs.org/@anthropic-ai/claude-agent-sdk-linux-arm64-musl/-/claude-agent-sdk-linux-arm64-musl-0.3.227.tgz",
      "integrity": "sha512-21cruWs2wTVUYqpDn2z3SgG3fnDmf3tpH7iSw/V1NIrvaiiN+tFfeliIEvZPzLzT26048GEvK6GZcFG5k5mshQ==",
      "cpu": [
        "arm64"
      ],
      "libc": [
        "musl"
      ],
      "license": "SEE LICENSE IN LICENSE.md",
      "optional": true,
      "os": [
        "linux"
      ]
    },
    "node_modules/@anthropic-ai/claude-agent-sdk-linux-x64": {
      "version": "0.3.227",
      "resolved": "https://registry.npmjs.org/@anthropic-ai/claude-agent-sdk-linux-x64/-/claude-agent-sdk-linux-x64-0.3.227.tgz",
      "integrity": "sha512-eBSNIOauM5+crbIH/f8G1vgGMIMHVwh+NDH6esCRKdbRVvcnE4+urdVFSaKz0G7Ji8c6WGKLQYqrdrAVdPyODw==",
      "cpu": [
        "x64"
      ],
      "libc": [
        "glibc"
      ],
      "license": "SEE LICENSE IN LICENSE.md",
      "optional": true,
      "os": [
        "linux"
      ]
    },
    "node_modules/@anthropic-ai/claude-agent-sdk-linux-x64-musl": {
      "version": "0.3.227",
      "resolved": "https://registry.npmjs.org/@anthropic-ai/claude-agent-sdk-linux-x64-musl/-/claude-agent-sdk-linux-x64-musl-0.3.227.tgz",
      "integrity": "sha512-YfpJj8YVkzG2MhPOnc24NtErwWRpWYDNxc2Ig359kR4ZbfGKlmonKvkXceUQaeFXSh1LNUZAjsm2Y04XdBaUbQ==",
      "cpu": [
        "x64"
      ],
      "libc": [
        "musl"
      ],
      "license": "SEE LICENSE IN LICENSE.md",
      "optional": true,
      "os": [
        "linux"
      ]
    },
    "node_modules/@anthropic-ai/claude-agent-sdk-win32-arm64": {
      "version": "0.3.227",
      "resolved": "https://registry.npmjs.org/@anthropic-ai/claude-agent-sdk-win32-arm64/-/claude-agent-sdk-win32-arm64-0.3.227.tgz",
      "integrity": "sha512-4vkR0Hn1TI6ypomZcpMTk7h8Wtk1iY59XDtpyk5bk7eMNxuNtlm8a4DX7OS00sn4/I3cUoDOhRpTVA4p7j5oxA==",
      "cpu": [
        "arm64"
      ],
      "license": "SEE LICENSE IN LICENSE.md",
      "optional": true,
      "os": [
        "win32"
      ]
    },
    "node_modules/@anthropic-ai/claude-agent-sdk-win32-x64": {
      "version": "0.3.227",
      "resolved": "https://registry.npmjs.org/@anthropic-ai/claude-agent-sdk-win32-x64/-/claude-agent-sdk-win32-x64-0.3.227.tgz",
      "integrity": "sha512-iCEk00U8o8Y+0fsSCFbFGWGRokrfxo9kCwzBuKPjzvQEux06g7ps/O+Y0q9Nw/4iPCTXgUbekiSNcqg9CWaN9A==",
      "cpu": [
        "x64"
      ],
      "license": "SEE LICENSE IN LICENSE.md",
      "optional": true,
      "os": [
        "win32"
      ]
    },
    "node_modules/acorn": {
      "version": "8.16.0",
      "resolved": "https://registry.npmjs.org/acorn/-/acorn-8.16.0.tgz",
      "integrity": "sha512-UVJyE9MttOsBQIDKw1skb9nAwQuR5wuGD3+82K6JgJlm/Y+KI92oNsMNGZCYdDsVtRHSak0pcV5Dno5+4jh9sw==",
      "license": "MIT",
      "bin": {
        "acorn": "bin/acorn"
      },
      "engines": {
        "node": ">=0.4.0"
      }
    },
    "node_modules/fsevents": {
      "version": "2.3.2",
      "resolved": "https://registry.npmjs.org/fsevents/-/fsevents-2.3.2.tgz",
      "integrity": "sha512-xiqMQR4xAeHTuB9uWm+fFRcIOgKBMiOBP+eXiyT7jsgVCq1bkVygt00oASowB7EdtpOHaaPgKt812P9ab+DDKA==",
      "hasInstallScript": true,
      "license": "MIT",
      "optional": true,
      "os": [
        "darwin"
      ],
      "engines": {
        "node": "^8.16.0 || ^10.6.0 || >=11.0.0"
      }
    },
    "node_modules/playwright": {
      "version": "1.59.1",
      "resolved": "https://registry.npmjs.org/playwright/-/playwright-1.59.1.tgz",
      "integrity": "sha512-C8oWjPR3F81yljW9o5OxcWzfh6avkVwDD2VYdwIGqTkl+OGFISgypqzfu7dOe4QNLL2aqcWBmI3PMtLIK233lw==",
      "license": "Apache-2.0",
      "optional": true,
      "dependencies": {
        "playwright-core": "1.59.1"
      },
      "bin": {
        "playwright": "cli.js"
      },
      "engines": {
        "node": ">=18"
      },
      "optionalDependencies": {
        "fsevents": "2.3.2"
      }
    },
    "node_modules/playwright-core": {
      "version": "1.59.1",
      "resolved": "https://registry.npmjs.org/playwright-core/-/playwright-core-1.59.1.tgz",
      "integrity": "sha512-HBV/RJg81z5BiiZ9yPzIiClYV/QMsDCKUyogwH9p3MCP6IYjUFu/MActgYAvK0oWyV9NlwM3GLBjADyWgydVyg==",
      "license": "Apache-2.0",
      "optional": true,
      "bin": {
        "playwright-core": "cli.js"
      },
      "engines": {
        "node": ">=18"
      }
    }
  }
}
