{
  "name": "archon",
  "version": "1.2.0",
  "lockfileVersion": 3,
  "requires": true,
  "packages": {
    "": {
      "name": "archon",
      "version": "1.2.0",
      "license": "MIT",
      "dependencies": {
        "@anthropic-ai/claude-agent-sdk": "0.3.234",
        "acorn": "^8.16.0"
      },
      "engines": {
        "node": ">=18"
      },
      "optionalDependencies": {
        "playwright": "^1.59.1"
      }
    },
    "node_modules/@anthropic-ai/claude-agent-sdk": {
      "version": "0.3.234",
      "resolved": "https://registry.npmjs.org/@anthropic-ai/claude-agent-sdk/-/claude-agent-sdk-0.3.234.tgz",
      "integrity": "sha512-988d+JfICQoIIDwcnQm9ivJ3CXfKUhDJ43XSQXiwa4PMnc/+NwAK71JUnOipXgGJNVu+znfzk42CV+wUeX25dg==",
      "license": "SEE LICENSE IN README.md",
      "engines": {
        "node": ">=18.0.0"
      },
      "optionalDependencies": {
        "@anthropic-ai/claude-agent-sdk-darwin-arm64": "0.3.234",
        "@anthropic-ai/claude-agent-sdk-darwin-x64": "0.3.234",
        "@anthropic-ai/claude-agent-sdk-linux-arm64": "0.3.234",
        "@anthropic-ai/claude-agent-sdk-linux-arm64-musl": "0.3.234",
        "@anthropic-ai/claude-agent-sdk-linux-x64": "0.3.234",
        "@anthropic-ai/claude-agent-sdk-linux-x64-musl": "0.3.234",
        "@anthropic-ai/claude-agent-sdk-win32-arm64": "0.3.234",
        "@anthropic-ai/claude-agent-sdk-win32-x64": "0.3.234"
      },
      "peerDependencies": {
        "@anthropic-ai/sdk": ">=0.93.0",
        "@modelcontextprotocol/sdk": "^1.29.0",
        "zod": "^4.0.0"
      }
    },
    "node_modules/@anthropic-ai/claude-agent-sdk-darwin-arm64": {
      "version": "0.3.234",
      "resolved": "https://registry.npmjs.org/@anthropic-ai/claude-agent-sdk-darwin-arm64/-/claude-agent-sdk-darwin-arm64-0.3.234.tgz",
      "integrity": "sha512-6BJAbSOD5yGOzn1hU62ZfpybZhPlxcAe0r1w6qeGkAi/W3MD3Wl/TuVZ/y9/xvAwtfDmADDfbcHO0v6i0rjNIw==",
      "cpu": [
        "arm64"
      ],
      "license": "SEE LICENSE IN LICENSE.md",
      "optional": true,
      "os": [
        "darwin"
      ]
    },
    "node_modules/@anthropic-ai/claude-agent-sdk-darwin-x64": {
      "version": "0.3.234",
      "resolved": "https://registry.npmjs.org/@anthropic-ai/claude-agent-sdk-darwin-x64/-/claude-agent-sdk-darwin-x64-0.3.234.tgz",
      "integrity": "sha512-ixb6ta76uNqau9+Qj1TCdy/PbQ0hUF7XH1+hNhGGJueAAROkxt+LL+WiT+6LtYs2Cuyu6Wl+e7ZzVjzf2P48uQ==",
      "cpu": [
        "x64"
      ],
      "license": "SEE LICENSE IN LICENSE.md",
      "optional": true,
      "os": [
        "darwin"
      ]
    },
    "node_modules/@anthropic-ai/claude-agent-sdk-linux-arm64": {
      "version": "0.3.234",
      "resolved": "https://registry.npmjs.org/@anthropic-ai/claude-agent-sdk-linux-arm64/-/claude-agent-sdk-linux-arm64-0.3.234.tgz",
      "integrity": "sha512-mWDXYZ5qe7zUK82ssBlsdIRMTBQdt11Kv9VvDVMxgXgSo1OxwZzb5Ukq2Xws3IvZGbJFOsYoxet820NGv91UZg==",
      "cpu": [
        "arm64"
      ],
      "libc": [
        "glibc"
      ],
      "license": "SEE LICENSE IN LICENSE.md",
      "optional": true,
      "os": [
        "linux"
      ]
    },
    "node_modules/@anthropic-ai/claude-agent-sdk-linux-arm64-musl": {
      "version": "0.3.234",
      "resolved": "https://registry.npmjs.org/@anthropic-ai/claude-agent-sdk-linux-arm64-musl/-/claude-agent-sdk-linux-arm64-musl-0.3.234.tgz",
      "integrity": "sha512-VEvlLX6VTX221HzW2LP3sz7H+Ip+YKmfGbXp5UxfviQzvxrMfsAeKBmM9NJrAq/2UEqzLL6tEteIYF/aYW5cpQ==",
      "cpu": [
        "arm64"
      ],
      "libc": [
        "musl"
      ],
      "license": "SEE LICENSE IN LICENSE.md",
      "optional": true,
      "os": [
        "linux"
      ]
    },
    "node_modules/@anthropic-ai/claude-agent-sdk-linux-x64": {
      "version": "0.3.234",
      "resolved": "https://registry.npmjs.org/@anthropic-ai/claude-agent-sdk-linux-x64/-/claude-agent-sdk-linux-x64-0.3.234.tgz",
      "integrity": "sha512-RAyjcz9IsSvooWxJWoM8nBuRtzAzuRqLVXk5/zVNFE2snxXT1ZayZjpITHaHTh7SEsuMe1j5EbgzvL3AAy4zQA==",
      "cpu": [
        "x64"
      ],
      "libc": [
        "glibc"
      ],
      "license": "SEE LICENSE IN LICENSE.md",
      "optional": true,
      "os": [
        "linux"
      ]
    },
    "node_modules/@anthropic-ai/claude-agent-sdk-linux-x64-musl": {
      "version": "0.3.234",
      "resolved": "https://registry.npmjs.org/@anthropic-ai/claude-agent-sdk-linux-x64-musl/-/claude-agent-sdk-linux-x64-musl-0.3.234.tgz",
      "integrity": "sha512-329GhW2Y+imBzl+Ian0wr2dJalzyp2JnpBZvSgQg8vf4drBTcCBCIr6ofdIL/6edM/l9hG6aKFrw8XgquqqFfA==",
      "cpu": [
        "x64"
      ],
      "libc": [
        "musl"
      ],
      "license": "SEE LICENSE IN LICENSE.md",
      "optional": true,
      "os": [
        "linux"
      ]
    },
    "node_modules/@anthropic-ai/claude-agent-sdk-win32-arm64": {
      "version": "0.3.234",
      "resolved": "https://registry.npmjs.org/@anthropic-ai/claude-agent-sdk-win32-arm64/-/claude-agent-sdk-win32-arm64-0.3.234.tgz",
      "integrity": "sha512-X/3baEzmSOhy36YM+V5D6UBTwXQOWxnHD1xiBkaRIhpL3jmCNc7KKeWy0FZEnKjINL75VHvZR7myRnQjPEiBHw==",
      "cpu": [
        "arm64"
      ],
      "license": "SEE LICENSE IN LICENSE.md",
      "optional": true,
      "os": [
        "win32"
      ]
    },
    "node_modules/@anthropic-ai/claude-agent-sdk-win32-x64": {
      "version": "0.3.234",
      "resolved": "https://registry.npmjs.org/@anthropic-ai/claude-agent-sdk-win32-x64/-/claude-agent-sdk-win32-x64-0.3.234.tgz",
      "integrity": "sha512-YHprZwgq6jkf0pjOF6KU2A+7tY7NqeH4kZRwKK6TvzHQ6yVOMMFr3ebwmP4WiTD2n+I0fLhpOAf8C/Yvz5Ktpg==",
      "cpu": [
        "x64"
      ],
      "license": "SEE LICENSE IN LICENSE.md",
      "optional": true,
      "os": [
        "win32"
      ]
    },
    "node_modules/acorn": {
      "version": "8.16.0",
      "resolved": "https://registry.npmjs.org/acorn/-/acorn-8.16.0.tgz",
      "integrity": "sha512-UVJyE9MttOsBQIDKw1skb9nAwQuR5wuGD3+82K6JgJlm/Y+KI92oNsMNGZCYdDsVtRHSak0pcV5Dno5+4jh9sw==",
      "license": "MIT",
      "bin": {
        "acorn": "bin/acorn"
      },
      "engines": {
        "node": ">=0.4.0"
      }
    },
    "node_modules/fsevents": {
      "version": "2.3.2",
      "resolved": "https://registry.npmjs.org/fsevents/-/fsevents-2.3.2.tgz",
      "integrity": "sha512-xiqMQR4xAeHTuB9uWm+fFRcIOgKBMiOBP+eXiyT7jsgVCq1bkVygt00oASowB7EdtpOHaaPgKt812P9ab+DDKA==",
      "hasInstallScript": true,
      "license": "MIT",
      "optional": true,
      "os": [
        "darwin"
      ],
      "engines": {
        "node": "^8.16.0 || ^10.6.0 || >=11.0.0"
      }
    },
    "node_modules/playwright": {
      "version": "1.59.1",
      "resolved": "https://registry.npmjs.org/playwright/-/playwright-1.59.1.tgz",
      "integrity": "sha512-C8oWjPR3F81yljW9o5OxcWzfh6avkVwDD2VYdwIGqTkl+OGFISgypqzfu7dOe4QNLL2aqcWBmI3PMtLIK233lw==",
      "license": "Apache-2.0",
      "optional": true,
      "dependencies": {
        "playwright-core": "1.59.1"
      },
      "bin": {
        "playwright": "cli.js"
      },
      "engines": {
        "node": ">=18"
      },
      "optionalDependencies": {
        "fsevents": "2.3.2"
      }
    },
    "node_modules/playwright-core": {
      "version": "1.59.1",
      "resolved": "https://registry.npmjs.org/playwright-core/-/playwright-core-1.59.1.tgz",
      "integrity": "sha512-HBV/RJg81z5BiiZ9yPzIiClYV/QMsDCKUyogwH9p3MCP6IYjUFu/MActgYAvK0oWyV9NlwM3GLBjADyWgydVyg==",
      "license": "Apache-2.0",
      "optional": true,
      "bin": {
        "playwright-core": "cli.js"
      },
      "engines": {
        "node": ">=18"
      }
    }
  }
}
